
Microsoft Visual Studio Solution File, Format Version 12.00
# Visual Studio Version 17
VisualStudioVersion = 17.5.33424.131
MinimumVisualStudioVersion = 10.0.40219.1
Project("{FAE04EC0-301F-11D3-BF4B-00C04F79EFBC}") = "ClinicManagementApp", "ClinicManagementApp\ClinicManagementApp.csproj", "{CF4254AB-9E9A-45E4-9C7D-A0CE698849C4}"
EndProject
Global
	GlobalSection(SolutionConfigurationPlatforms) = preSolution
		Debug|Any CPU = Debug|Any CPU
		Release|Any CPU = Release|Any CPU
	EndGlobalSection
	GlobalSection(ProjectConfigurationPlatforms) = postSolution
		{CF4254AB-9E9A-45E4-9C7D-A0CE698849C4}.Debug|Any CPU.ActiveCfg = Debug|Any CPU
		{CF4254AB-9E9A-45E4-9C7D-A0CE698849C4}.Debug|Any CPU.Build.0 = Debug|Any CPU
		{CF4254AB-9E9A-45E4-9C7D-A0CE698849C4}.Release|Any CPU.ActiveCfg = Release|Any CPU
		{CF4254AB-9E9A-45E4-9C7D-A0CE698849C4}.Release|Any CPU.Build.0 = Release|Any CPU
	EndGlobalSection
	GlobalSection(SolutionProperties) = preSolution
		HideSolutionNode = FALSE
	EndGlobalSection
	GlobalSection(ExtensibilityGlobals) = postSolution
		SolutionGuid = {01EE3D15-565E-4320-881C-1A83135F9C7C}
	EndGlobalSection
EndGlobal
